
Microsoft Visual Studio Solution File, Format Version 12.00
# Visual Studio Version 17
VisualStudioVersion = 17.1.32328.378
MinimumVisualStudioVersion = 10.0.40219.1
Project("{FAE04EC0-301F-11D3-BF4B-00C04F79EFBC}") = "RestaurantAPI", "RestaurantAPI\RestaurantAPI.csproj", "{7FAF528F-FC0A-4843-97EC-5B2AE94C1935}"
EndProject
Global
	GlobalSection(SolutionConfigurationPlatforms) = preSolution
		Debug|Any CPU = Debug|Any CPU
		Release|Any CPU = Release|Any CPU
	EndGlobalSection
	GlobalSection(ProjectConfigurationPlatforms) = postSolution
		{7FAF528F-FC0A-4843-97EC-5B2AE94C1935}.Debug|Any CPU.ActiveCfg = Debug|Any CPU
		{7FAF528F-FC0A-4843-97EC-5B2AE94C1935}.Debug|Any CPU.Build.0 = Debug|Any CPU
		{7FAF528F-FC0A-4843-97EC-5B2AE94C1935}.Release|Any CPU.ActiveCfg = Release|Any CPU
		{7FAF528F-FC0A-4843-97EC-5B2AE94C1935}.Release|Any CPU.Build.0 = Release|Any CPU
	EndGlobalSection
	GlobalSection(SolutionProperties) = preSolution
		HideSolutionNode = FALSE
	EndGlobalSection
	GlobalSection(ExtensibilityGlobals) = postSolution
		SolutionGuid = {714EAA48-3F36-4E2C-BA1B-7C6C3B4298A0}
	EndGlobalSection
EndGlobal
